PODS:
  - Aspects (1.4.1)
  - PureLayout (3.0.2)
  - ReactiveObjC (2.1.2)
  - Reveal-SDK (6)
  - SDWebImage (4.0.0):
    - SDWebImage/Core (= 4.0.0)
  - SDWebImage/Core (4.0.0)

DEPENDENCIES:
  - Aspects
  - PureLayout
  - ReactiveObjC
  - Reveal-SDK
  - SDWebImage

SPEC CHECKSUMS:
  Aspects: 7595ba96a6727a58ebcbfc954497fc5d2fdde546
  PureLayout: 4d550abe49a94f24c2808b9b95db9131685fe4cd
  ReactiveObjC: 7b6782ae39f9ac0f57205c3b0c0b69b9dd7048c0
  Reveal-SDK: 67460e58f93711c7b18631d12c2b5de7740e48b5
  SDWebImage: 76a6348bdc74eb5a55dd08a091ef298e56b55e41

PODFILE CHECKSUM: 73ad3a5184d914336dcb729dcd1722dd5048ce89

COCOAPODS: 1.2.0
